dependencies:
- name: postgresql
  repository: https://charts.bitnami.com/bitnami
  version: 16.7.26
- name: elasticsearch
  repository: https://charts.bitnami.com/bitnami
  version: 22.0.15
- name: redis
  repository: https://charts.bitnami.com/bitnami
  version: 21.0.3
digest: sha256:a9b9f4a9bba7cab3ff632cbfeb3f281a3188fb8607bad41ecd24b4fba40b0b81
generated: "2025-08-18T08:47:31.904356+02:00"
